
Microsoft Visual Studio Solution File, Format Version 12.00
# Visual Studio 14
VisualStudioVersion = 14.0.25123.0
MinimumVisualStudioVersion = 10.0.40219.1
Project("{2150E333-8FDC-42A3-9474-1A3956D46DE8}") = "src", "src", "{67AE751E-3B10-4BA9-98AF-925045222539}"
EndProject
Project("{2150E333-8FDC-42A3-9474-1A3956D46DE8}") = "Solution Items", "Solution Items", "{DDC69F8A-DF63-4E7F-B21F-13C0C8E53087}"
	ProjectSection(SolutionItems) = preProject
		global.json = global.json
	EndProjectSection
EndProject
Project("{2150E333-8FDC-42A3-9474-1A3956D46DE8}") = "Common", "Common", "{A0684021-A289-48CE-B377-B15360176776}"
EndProject
Project("{2150E333-8FDC-42A3-9474-1A3956D46DE8}") = "Frontends", "Frontends", "{9A10B086-0DB6-4B5A-9BF5-B07A7A438C6E}"
EndProject
Project("{2150E333-8FDC-42A3-9474-1A3956D46DE8}") = "Backends", "Backends", "{B5478B11-66C4-4FF3-AE9C-7C88737CAECF}"
EndProject
Project("{8BB2217D-0F2D-49D1-97BC-3654ED321F3B}") = "Domain", "src\Common\Domain\Domain.xproj", "{6AE61AEE-A5BE-4F14-931A-8AF41D111C61}"
EndProject
Project("{8BB2217D-0F2D-49D1-97BC-3654ED321F3B}") = "AdminFrontend", "src\Frontends\AdminFrontend\AdminFrontend.xproj", "{6B5F1BA7-FC73-4107-876D-F997CABB8FC8}"
EndProject
Global
	GlobalSection(SolutionConfigurationPlatforms) = preSolution
		Debug|Any CPU = Debug|Any CPU
		Release|Any CPU = Release|Any CPU
	EndGlobalSection
	GlobalSection(ProjectConfigurationPlatforms) = postSolution
		{6AE61AEE-A5BE-4F14-931A-8AF41D111C61}.Debug|Any CPU.ActiveCfg = Debug|Any CPU
		{6AE61AEE-A5BE-4F14-931A-8AF41D111C61}.Debug|Any CPU.Build.0 = Debug|Any CPU
		{6AE61AEE-A5BE-4F14-931A-8AF41D111C61}.Release|Any CPU.ActiveCfg = Release|Any CPU
		{6AE61AEE-A5BE-4F14-931A-8AF41D111C61}.Release|Any CPU.Build.0 = Release|Any CPU
		{6B5F1BA7-FC73-4107-876D-F997CABB8FC8}.Debug|Any CPU.ActiveCfg = Debug|Any CPU
		{6B5F1BA7-FC73-4107-876D-F997CABB8FC8}.Debug|Any CPU.Build.0 = Debug|Any CPU
		{6B5F1BA7-FC73-4107-876D-F997CABB8FC8}.Release|Any CPU.ActiveCfg = Release|Any CPU
		{6B5F1BA7-FC73-4107-876D-F997CABB8FC8}.Release|Any CPU.Build.0 = Release|Any CPU
	EndGlobalSection
	GlobalSection(SolutionProperties) = preSolution
		HideSolutionNode = FALSE
	EndGlobalSection
	GlobalSection(NestedProjects) = preSolution
		{A0684021-A289-48CE-B377-B15360176776} = {67AE751E-3B10-4BA9-98AF-925045222539}
		{9A10B086-0DB6-4B5A-9BF5-B07A7A438C6E} = {67AE751E-3B10-4BA9-98AF-925045222539}
		{B5478B11-66C4-4FF3-AE9C-7C88737CAECF} = {67AE751E-3B10-4BA9-98AF-925045222539}
		{6AE61AEE-A5BE-4F14-931A-8AF41D111C61} = {A0684021-A289-48CE-B377-B15360176776}
		{6B5F1BA7-FC73-4107-876D-F997CABB8FC8} = {9A10B086-0DB6-4B5A-9BF5-B07A7A438C6E}
	EndGlobalSection
EndGlobal
